
Microsoft Visual Studio Solution File, Format Version 12.00
# Visual Studio Version 17
VisualStudioVersion = 17.5.002.0
MinimumVisualStudioVersion = 10.0.40219.1
Project("{9A19103F-16F7-4668-BE54-9A1E7A4F7556}") = "2. Add two numbers", "2. Add two numbers.csproj", "{1B4957BC-7C74-4161-8D2B-D84879F4B6FF}"
EndProject
Global
	GlobalSection(SolutionConfigurationPlatforms) = preSolution
		Debug|Any CPU = Debug|Any CPU
		Release|Any CPU = Release|Any CPU
	EndGlobalSection
	GlobalSection(ProjectConfigurationPlatforms) = postSolution
		{1B4957BC-7C74-4161-8D2B-D84879F4B6FF}.Debug|Any CPU.ActiveCfg = Debug|Any CPU
		{1B4957BC-7C74-4161-8D2B-D84879F4B6FF}.Debug|Any CPU.Build.0 = Debug|Any CPU
		{1B4957BC-7C74-4161-8D2B-D84879F4B6FF}.Release|Any CPU.ActiveCfg = Release|Any CPU
		{1B4957BC-7C74-4161-8D2B-D84879F4B6FF}.Release|Any CPU.Build.0 = Release|Any CPU
	EndGlobalSection
	GlobalSection(SolutionProperties) = preSolution
		HideSolutionNode = FALSE
	EndGlobalSection
	GlobalSection(ExtensibilityGlobals) = postSolution
		SolutionGuid = {EF4FD7B1-1F3C-4890-873B-815F450C0E11}
	EndGlobalSection
EndGlobal
